
Microsoft Visual Studio Solution File, Format Version 12.00
# Visual Studio Version 16
VisualStudioVersion = 16.0.32413.511
MinimumVisualStudioVersion = 10.0.40219.1
Project("{8BC9CEB8-8B4A-11D0-8D11-00A0C91BC942}") = "Client", "Client\Client.vcxproj", "{38FE879C-BCCE-4FE6-845E-7E20B6DECF7E}"
EndProject
Project("{8BC9CEB8-8B4A-11D0-8D11-00A0C91BC942}") = "Engine", "Engine\Engine.vcxproj", "{DFF8C0DD-4942-434B-BE82-5227DD0F5450}"
EndProject
Global
	GlobalSection(SolutionConfigurationPlatforms) = preSolution
		Debug|x64 = Debug|x64
		Debug|x86 = Debug|x86
		Release|x64 = Release|x64
		Release|x86 = Release|x86
	EndGlobalSection
	GlobalSection(ProjectConfigurationPlatforms) = postSolution
		{38FE879C-BCCE-4FE6-845E-7E20B6DECF7E}.Debug|x64.ActiveCfg = Debug|x64
		{38FE879C-BCCE-4FE6-845E-7E20B6DECF7E}.Debug|x64.Build.0 = Debug|x64
		{38FE879C-BCCE-4FE6-845E-7E20B6DECF7E}.Debug|x86.ActiveCfg = Debug|Win32
		{38FE879C-BCCE-4FE6-845E-7E20B6DECF7E}.Debug|x86.Build.0 = Debug|Win32
		{38FE879C-BCCE-4FE6-845E-7E20B6DECF7E}.Release|x64.ActiveCfg = Release|x64
		{38FE879C-BCCE-4FE6-845E-7E20B6DECF7E}.Release|x64.Build.0 = Release|x64
		{38FE879C-BCCE-4FE6-845E-7E20B6DECF7E}.Release|x86.ActiveCfg = Release|Win32
		{38FE879C-BCCE-4FE6-845E-7E20B6DECF7E}.Release|x86.Build.0 = Release|Win32
		{DFF8C0DD-4942-434B-BE82-5227DD0F5450}.Debug|x64.ActiveCfg = Debug|x64
		{DFF8C0DD-4942-434B-BE82-5227DD0F5450}.Debug|x64.Build.0 = Debug|x64
		{DFF8C0DD-4942-434B-BE82-5227DD0F5450}.Debug|x86.ActiveCfg = Debug|Win32
		{DFF8C0DD-4942-434B-BE82-5227DD0F5450}.Debug|x86.Build.0 = Debug|Win32
		{DFF8C0DD-4942-434B-BE82-5227DD0F5450}.Release|x64.ActiveCfg = Release|x64
		{DFF8C0DD-4942-434B-BE82-5227DD0F5450}.Release|x64.Build.0 = Release|x64
		{DFF8C0DD-4942-434B-BE82-5227DD0F5450}.Release|x86.ActiveCfg = Release|Win32
		{DFF8C0DD-4942-434B-BE82-5227DD0F5450}.Release|x86.Build.0 = Release|Win32
	EndGlobalSection
	GlobalSection(SolutionProperties) = preSolution
		HideSolutionNode = FALSE
	EndGlobalSection
	GlobalSection(ExtensibilityGlobals) = postSolution
		SolutionGuid = {A4686022-CA7B-4385-8B3B-223B3B03066A}
	EndGlobalSection
EndGlobal
